
Microsoft Visual Studio Solution File, Format Version 12.00
# Visual Studio Version 17
VisualStudioVersion = 17.5.002.0
MinimumVisualStudioVersion = 10.0.40219.1
Project("{2150E333-8FDC-42A3-9474-1A3956D46DE8}") = "sandbox", "sandbox", "{397CEBE8-1A16-4BEB-B78D-ACAEF30201EA}"
EndProject
Project("{9A19103F-16F7-4668-BE54-9A1E7A4F7556}") = "sandbox_project", "sandbox\sandbox_project\sandbox_project.csproj", "{3ED766C2-7B40-4DCA-AD57-03DCDDFE0A46}"
EndProject
Project("{2150E333-8FDC-42A3-9474-1A3956D46DE8}") = "week01", "week01", "{24AD23E8-70E3-4C68-A094-254902721E75}"
EndProject
Project("{9A19103F-16F7-4668-BE54-9A1E7A4F7556}") = "analyze", "week01\analyze\analyze.csproj", "{83B369AA-1345-4BC9-B8CF-7F88FDF01BD6}"
EndProject
Project("{9A19103F-16F7-4668-BE54-9A1E7A4F7556}") = "code", "week01\code\code.csproj", "{DB12A461-C949-4FB8-8DE6-0E9C4704EBCC}"
EndProject
Project("{9A19103F-16F7-4668-BE54-9A1E7A4F7556}") = "teach", "week01\teach\teach.csproj", "{E094F54E-6A04-4C30-8933-00478B4695E9}"
EndProject
Project("{2150E333-8FDC-42A3-9474-1A3956D46DE8}") = "week02", "week02", "{85605752-C7D3-48B0-82D2-EBD852F547FA}"
EndProject
Project("{9A19103F-16F7-4668-BE54-9A1E7A4F7556}") = "analyze", "week02\analyze\analyze.csproj", "{D9698C52-AFC9-435B-BAA5-50D3BC8CE069}"
EndProject
Project("{9A19103F-16F7-4668-BE54-9A1E7A4F7556}") = "code", "week02\code\code.csproj", "{CEFE573A-6D68-42F1-BA37-39089DBBFAE1}"
EndProject
Project("{9A19103F-16F7-4668-BE54-9A1E7A4F7556}") = "learn", "week02\learn\learn.csproj", "{613DA3C9-D1DB-4753-AEE7-5F0BE0192AD2}"
EndProject
Project("{9A19103F-16F7-4668-BE54-9A1E7A4F7556}") = "teach", "week02\teach\teach.csproj", "{85985DA5-454D-4EFE-9890-1B81CE5C0A21}"
EndProject
Project("{2150E333-8FDC-42A3-9474-1A3956D46DE8}") = "week03", "week03", "{34739C04-8009-470E-9562-BBC0D8AC2AAA}"
EndProject
Project("{9A19103F-16F7-4668-BE54-9A1E7A4F7556}") = "code", "week03\code\code.csproj", "{77A58990-E522-4764-87B8-5A1EF67B283A}"
EndProject
Project("{9A19103F-16F7-4668-BE54-9A1E7A4F7556}") = "learn", "week03\learn\learn.csproj", "{49F133F3-0434-426D-96D8-5A9BB9E01129}"
EndProject
Project("{9A19103F-16F7-4668-BE54-9A1E7A4F7556}") = "teach", "week03\teach\teach.csproj", "{129211CE-4935-49A7-825D-F4ADA0D020F1}"
EndProject
Project("{2150E333-8FDC-42A3-9474-1A3956D46DE8}") = "week04", "week04", "{43987603-46CD-4386-A448-9C7D3DD7D5B5}"
EndProject
Project("{9A19103F-16F7-4668-BE54-9A1E7A4F7556}") = "code", "week04\code\code.csproj", "{1E7FE402-E89C-4A57-BB8F-E1761F4CEEA1}"
EndProject
Project("{2150E333-8FDC-42A3-9474-1A3956D46DE8}") = "week05", "week05", "{032C2767-48DF-43CF-9CED-CAD97BAC4BFD}"
EndProject
Project("{9A19103F-16F7-4668-BE54-9A1E7A4F7556}") = "code", "week05\code\code.csproj", "{672EB4DD-6061-4BBD-8038-E1475E7D11F1}"
EndProject
Project("{2150E333-8FDC-42A3-9474-1A3956D46DE8}") = "week06", "week06", "{D0E48241-A4C8-4D6D-AD19-152E16F20A0B}"
EndProject
Project("{9A19103F-16F7-4668-BE54-9A1E7A4F7556}") = "code", "week06\code\code.csproj", "{E5F63669-E8F7-4090-8836-7AF3FB195BBC}"
EndProject
Global
	GlobalSection(SolutionConfigurationPlatforms) = preSolution
		Debug|Any CPU = Debug|Any CPU
		Release|Any CPU = Release|Any CPU
	EndGlobalSection
	GlobalSection(ProjectConfigurationPlatforms) = postSolution
		{3ED766C2-7B40-4DCA-AD57-03DCDDFE0A46}.Debug|Any CPU.ActiveCfg = Debug|Any CPU
		{3ED766C2-7B40-4DCA-AD57-03DCDDFE0A46}.Debug|Any CPU.Build.0 = Debug|Any CPU
		{3ED766C2-7B40-4DCA-AD57-03DCDDFE0A46}.Release|Any CPU.ActiveCfg = Release|Any CPU
		{3ED766C2-7B40-4DCA-AD57-03DCDDFE0A46}.Release|Any CPU.Build.0 = Release|Any CPU
		{83B369AA-1345-4BC9-B8CF-7F88FDF01BD6}.Debug|Any CPU.ActiveCfg = Debug|Any CPU
		{83B369AA-1345-4BC9-B8CF-7F88FDF01BD6}.Debug|Any CPU.Build.0 = Debug|Any CPU
		{83B369AA-1345-4BC9-B8CF-7F88FDF01BD6}.Release|Any CPU.ActiveCfg = Release|Any CPU
		{83B369AA-1345-4BC9-B8CF-7F88FDF01BD6}.Release|Any CPU.Build.0 = Release|Any CPU
		{DB12A461-C949-4FB8-8DE6-0E9C4704EBCC}.Debug|Any CPU.ActiveCfg = Debug|Any CPU
		{DB12A461-C949-4FB8-8DE6-0E9C4704EBCC}.Debug|Any CPU.Build.0 = Debug|Any CPU
		{DB12A461-C949-4FB8-8DE6-0E9C4704EBCC}.Release|Any CPU.ActiveCfg = Release|Any CPU
		{DB12A461-C949-4FB8-8DE6-0E9C4704EBCC}.Release|Any CPU.Build.0 = Release|Any CPU
		{E094F54E-6A04-4C30-8933-00478B4695E9}.Debug|Any CPU.ActiveCfg = Debug|Any CPU
		{E094F54E-6A04-4C30-8933-00478B4695E9}.Debug|Any CPU.Build.0 = Debug|Any CPU
		{E094F54E-6A04-4C30-8933-00478B4695E9}.Release|Any CPU.ActiveCfg = Release|Any CPU
		{E094F54E-6A04-4C30-8933-00478B4695E9}.Release|Any CPU.Build.0 = Release|Any CPU
		{D9698C52-AFC9-435B-BAA5-50D3BC8CE069}.Debug|Any CPU.ActiveCfg = Debug|Any CPU
		{D9698C52-AFC9-435B-BAA5-50D3BC8CE069}.Debug|Any CPU.Build.0 = Debug|Any CPU
		{D9698C52-AFC9-435B-BAA5-50D3BC8CE069}.Release|Any CPU.ActiveCfg = Release|Any CPU
		{D9698C52-AFC9-435B-BAA5-50D3BC8CE069}.Release|Any CPU.Build.0 = Release|Any CPU
		{CEFE573A-6D68-42F1-BA37-39089DBBFAE1}.Debug|Any CPU.ActiveCfg = Debug|Any CPU
		{CEFE573A-6D68-42F1-BA37-39089DBBFAE1}.Debug|Any CPU.Build.0 = Debug|Any CPU
		{CEFE573A-6D68-42F1-BA37-39089DBBFAE1}.Release|Any CPU.ActiveCfg = Release|Any CPU
		{CEFE573A-6D68-42F1-BA37-39089DBBFAE1}.Release|Any CPU.Build.0 = Release|Any CPU
		{613DA3C9-D1DB-4753-AEE7-5F0BE0192AD2}.Debug|Any CPU.ActiveCfg = Debug|Any CPU
		{613DA3C9-D1DB-4753-AEE7-5F0BE0192AD2}.Debug|Any CPU.Build.0 = Debug|Any CPU
		{613DA3C9-D1DB-4753-AEE7-5F0BE0192AD2}.Release|Any CPU.ActiveCfg = Release|Any CPU
		{613DA3C9-D1DB-4753-AEE7-5F0BE0192AD2}.Release|Any CPU.Build.0 = Release|Any CPU
		{85985DA5-454D-4EFE-9890-1B81CE5C0A21}.Debug|Any CPU.ActiveCfg = Debug|Any CPU
		{85985DA5-454D-4EFE-9890-1B81CE5C0A21}.Debug|Any CPU.Build.0 = Debug|Any CPU
		{85985DA5-454D-4EFE-9890-1B81CE5C0A21}.Release|Any CPU.ActiveCfg = Release|Any CPU
		{85985DA5-454D-4EFE-9890-1B81CE5C0A21}.Release|Any CPU.Build.0 = Release|Any CPU
		{77A58990-E522-4764-87B8-5A1EF67B283A}.Debug|Any CPU.ActiveCfg = Debug|Any CPU
		{77A58990-E522-4764-87B8-5A1EF67B283A}.Debug|Any CPU.Build.0 = Debug|Any CPU
		{77A58990-E522-4764-87B8-5A1EF67B283A}.Release|Any CPU.ActiveCfg = Release|Any CPU
		{77A58990-E522-4764-87B8-5A1EF67B283A}.Release|Any CPU.Build.0 = Release|Any CPU
		{49F133F3-0434-426D-96D8-5A9BB9E01129}.Debug|Any CPU.ActiveCfg = Debug|Any CPU
		{49F133F3-0434-426D-96D8-5A9BB9E01129}.Debug|Any CPU.Build.0 = Debug|Any CPU
		{49F133F3-0434-426D-96D8-5A9BB9E01129}.Release|Any CPU.ActiveCfg = Release|Any CPU
		{49F133F3-0434-426D-96D8-5A9BB9E01129}.Release|Any CPU.Build.0 = Release|Any CPU
		{129211CE-4935-49A7-825D-F4ADA0D020F1}.Debug|Any CPU.ActiveCfg = Debug|Any CPU
		{129211CE-4935-49A7-825D-F4ADA0D020F1}.Debug|Any CPU.Build.0 = Debug|Any CPU
		{129211CE-4935-49A7-825D-F4ADA0D020F1}.Release|Any CPU.ActiveCfg = Release|Any CPU
		{129211CE-4935-49A7-825D-F4ADA0D020F1}.Release|Any CPU.Build.0 = Release|Any CPU
		{1E7FE402-E89C-4A57-BB8F-E1761F4CEEA1}.Debug|Any CPU.ActiveCfg = Debug|Any CPU
		{1E7FE402-E89C-4A57-BB8F-E1761F4CEEA1}.Debug|Any CPU.Build.0 = Debug|Any CPU
		{1E7FE402-E89C-4A57-BB8F-E1761F4CEEA1}.Release|Any CPU.ActiveCfg = Release|Any CPU
		{1E7FE402-E89C-4A57-BB8F-E1761F4CEEA1}.Release|Any CPU.Build.0 = Release|Any CPU
		{672EB4DD-6061-4BBD-8038-E1475E7D11F1}.Debug|Any CPU.ActiveCfg = Debug|Any CPU
		{672EB4DD-6061-4BBD-8038-E1475E7D11F1}.Debug|Any CPU.Build.0 = Debug|Any CPU
		{672EB4DD-6061-4BBD-8038-E1475E7D11F1}.Release|Any CPU.ActiveCfg = Release|Any CPU
		{672EB4DD-6061-4BBD-8038-E1475E7D11F1}.Release|Any CPU.Build.0 = Release|Any CPU
		{E5F63669-E8F7-4090-8836-7AF3FB195BBC}.Debug|Any CPU.ActiveCfg = Debug|Any CPU
		{E5F63669-E8F7-4090-8836-7AF3FB195BBC}.Debug|Any CPU.Build.0 = Debug|Any CPU
		{E5F63669-E8F7-4090-8836-7AF3FB195BBC}.Release|Any CPU.ActiveCfg = Release|Any CPU
		{E5F63669-E8F7-4090-8836-7AF3FB195BBC}.Release|Any CPU.Build.0 = Release|Any CPU
	EndGlobalSection
	GlobalSection(SolutionProperties) = preSolution
		HideSolutionNode = FALSE
	EndGlobalSection
	GlobalSection(NestedProjects) = preSolution
		{3ED766C2-7B40-4DCA-AD57-03DCDDFE0A46} = {397CEBE8-1A16-4BEB-B78D-ACAEF30201EA}
		{83B369AA-1345-4BC9-B8CF-7F88FDF01BD6} = {24AD23E8-70E3-4C68-A094-254902721E75}
		{DB12A461-C949-4FB8-8DE6-0E9C4704EBCC} = {24AD23E8-70E3-4C68-A094-254902721E75}
		{E094F54E-6A04-4C30-8933-00478B4695E9} = {24AD23E8-70E3-4C68-A094-254902721E75}
		{D9698C52-AFC9-435B-BAA5-50D3BC8CE069} = {85605752-C7D3-48B0-82D2-EBD852F547FA}
		{CEFE573A-6D68-42F1-BA37-39089DBBFAE1} = {85605752-C7D3-48B0-82D2-EBD852F547FA}
		{613DA3C9-D1DB-4753-AEE7-5F0BE0192AD2} = {85605752-C7D3-48B0-82D2-EBD852F547FA}
		{85985DA5-454D-4EFE-9890-1B81CE5C0A21} = {85605752-C7D3-48B0-82D2-EBD852F547FA}
		{77A58990-E522-4764-87B8-5A1EF67B283A} = {34739C04-8009-470E-9562-BBC0D8AC2AAA}
		{49F133F3-0434-426D-96D8-5A9BB9E01129} = {34739C04-8009-470E-9562-BBC0D8AC2AAA}
		{129211CE-4935-49A7-825D-F4ADA0D020F1} = {34739C04-8009-470E-9562-BBC0D8AC2AAA}
		{1E7FE402-E89C-4A57-BB8F-E1761F4CEEA1} = {43987603-46CD-4386-A448-9C7D3DD7D5B5}
		{672EB4DD-6061-4BBD-8038-E1475E7D11F1} = {032C2767-48DF-43CF-9CED-CAD97BAC4BFD}
		{E5F63669-E8F7-4090-8836-7AF3FB195BBC} = {D0E48241-A4C8-4D6D-AD19-152E16F20A0B}
	EndGlobalSection
	GlobalSection(ExtensibilityGlobals) = postSolution
		SolutionGuid = {B6ED51DB-AD49-468F-9551-193B5B86F26B}
	EndGlobalSection
EndGlobal
